{
  "version": 4,
  "terraform_version": "1.2.7",
  "serial": 6,
  "lineage": "b91bdf92-badb-b4e1-4b1b-06e2fff15327",
  "outputs": {},
  "resources": [
    {
      "mode": "data",
      "type": "openstack_compute_keypair_v2",
      "name": "paasta-cp-keypair",
      "provider": "provider[\"registry.terraform.io/terraform-provider-openstack/openstack\"]",
      "instances": [
        {
          "schema_version": 0,
          "attributes": {
            "fingerprint": "a0:f4:b7:16:d5:d8:e9:32:54:1a:c0:b4:0d:c0:0b:0e",
            "id": "passta-cp-terraform-keypair",
            "name": "passta-cp-terraform-keypair",
            "public_key": "ssh-rsa AAAAB3NzaC1yc2EAAAADAQABAAABgQDgFaQ/GUmK6IEEvacAVS2ibPzz4f3UOBnkezWFPNiqnFO/8dZRNnFti9EOl+ozHVGDZUJGeoLzTZZbYEajwqPdQtru7eGBhci9QDV+TbU6/nmNcTK8tGTf/K0B3x3DJyAuuWGtsPvvk1LSrjAb60wPqbfhkHSRhFgQ8aoCMsGQGZH+CSRiMgzltjmKUmwohDhJAw7nk+8aUplu3QWX5rgMhmf42/GGiulL+m6QuHaFR7/fmYpg0Ntagkm7+T96DQR/K5yQKuOFAz/8u3gZ858jtulttfLhRX1MeQLq36Srt4108xt4/DPF8YS6zYfCzOfYPklNw+EIxwCsjvPg7PQotyroGD93ALZDzCQCtKLAz/fr6jbQWls+yKAhk7/cXShozhwCKsyOEhrmxTFfMrFA34PuCaeujpWmofwcQnHIlxaqvCpeF015RVbTIAMUVEiH0FC4pLRvlyT2EqPklZnm4p9K065dWVh2Ykp/ka3qO8XKthUzwzDM/yZtAegKWHk= ubuntu@ip-10-0-0-155\n",
            "region": "RegionOne"
          },
          "sensitive_attributes": []
        }
      ]
    },
    {
      "mode": "data",
      "type": "openstack_images_image_v2",
      "name": "ubuntu",
      "provider": "provider[\"registry.terraform.io/terraform-provider-openstack/openstack\"]",
      "instances": [
        {
          "schema_version": 0,
          "attributes": {
            "checksum": "5833a75e99054acf7f880ded82cb05bf",
            "container_format": "bare",
            "created_at": "2022-04-14T00:43:49Z",
            "disk_format": "qcow2",
            "file": "/v2/images/471036e7-b43d-413d-8c1a-e3a7f3fc5442/file",
            "hidden": false,
            "id": "471036e7-b43d-413d-8c1a-e3a7f3fc5442",
            "member_status": null,
            "metadata": {},
            "min_disk_gb": 0,
            "min_ram_mb": 0,
            "most_recent": false,
            "name": "ubuntu-20.04",
            "owner": "dfcca63a5e9f4d12b51344335a103403",
            "properties": null,
            "protected": false,
            "region": "RegionOne",
            "schema": "/v2/schemas/image",
            "size_bytes": 593166336,
            "size_max": null,
            "size_min": null,
            "sort_direction": "asc",
            "sort_key": "name",
            "tag": null,
            "tags": [],
            "updated_at": "2022-07-06T01:15:31Z",
            "visibility": "shared"
          },
          "sensitive_attributes": []
        }
      ]
    },
    {
      "mode": "data",
      "type": "openstack_networking_floatingip_v2",
      "name": "paasta-cp-floatingip-master",
      "provider": "provider[\"registry.terraform.io/terraform-provider-openstack/openstack\"]",
      "instances": [
        {
          "schema_version": 0,
          "attributes": {
            "address": "203.255.255.115",
            "all_tags": [],
            "description": "",
            "dns_domain": "",
            "dns_name": "",
            "fixed_ip": "",
            "id": "c23b38cb-5f8b-46fd-adbf-f58fda584a02",
            "pool": "6c444c34-1c4a-4a0e-8486-152cc2895252",
            "port_id": "",
            "region": "RegionOne",
            "status": "DOWN",
            "tags": null,
            "tenant_id": "dfcca63a5e9f4d12b51344335a103403"
          },
          "sensitive_attributes": []
        }
      ]
    },
    {
      "mode": "data",
      "type": "openstack_networking_floatingip_v2",
      "name": "paasta-cp-floatingip-worker",
      "provider": "provider[\"registry.terraform.io/terraform-provider-openstack/openstack\"]",
      "instances": [
        {
          "schema_version": 0,
          "attributes": {
            "address": "203.255.255.118",
            "all_tags": [],
            "description": "",
            "dns_domain": "",
            "dns_name": "",
            "fixed_ip": "",
            "id": "e062469f-9d47-4788-a267-c63e5ddefd52",
            "pool": "6c444c34-1c4a-4a0e-8486-152cc2895252",
            "port_id": "",
            "region": "RegionOne",
            "status": "DOWN",
            "tags": null,
            "tenant_id": "dfcca63a5e9f4d12b51344335a103403"
          },
          "sensitive_attributes": []
        }
      ]
    },
    {
      "mode": "data",
      "type": "openstack_networking_network_v2",
      "name": "paasta-cp-network",
      "provider": "provider[\"registry.terraform.io/terraform-provider-openstack/openstack\"]",
      "instances": [
        {
          "schema_version": 0,
          "attributes": {
            "admin_state_up": "true",
            "all_tags": [],
            "availability_zone_hints": [],
            "description": "",
            "dns_domain": "",
            "external": false,
            "id": "5d2975c5-73e8-4b09-a1fa-42dec5a217a2",
            "matching_subnet_cidr": null,
            "mtu": 1450,
            "name": "paasta-cp-network",
            "network_id": null,
            "region": "RegionOne",
            "shared": "true",
            "status": null,
            "subnets": [
              "fa8d7856-f09e-4d1c-82cc-9d2d43f161c5"
            ],
            "tags": null,
            "tenant_id": "dfcca63a5e9f4d12b51344335a103403",
            "transparent_vlan": false
          },
          "sensitive_attributes": []
        }
      ]
    },
    {
      "mode": "data",
      "type": "openstack_networking_router_v2",
      "name": "ext_route",
      "provider": "provider[\"registry.terraform.io/terraform-provider-openstack/openstack\"]",
      "instances": [
        {
          "schema_version": 0,
          "attributes": {
            "admin_state_up": true,
            "all_tags": [],
            "availability_zone_hints": [],
            "description": "",
            "distributed": false,
            "enable_snat": true,
            "external_fixed_ip": [
              {
                "ip_address": "203.255.255.98",
                "subnet_id": "dadf6a07-84d8-4ff8-87e3-17824bb28e47"
              }
            ],
            "external_network_id": "6c444c34-1c4a-4a0e-8486-152cc2895252",
            "id": "a69b1ec9-f645-45a7-a222-48bf031a208e",
            "name": "ext_route",
            "region": "RegionOne",
            "router_id": null,
            "status": "ACTIVE",
            "tags": null,
            "tenant_id": "8b751718cc9d48b2ac74a7c232858689"
          },
          "sensitive_attributes": []
        }
      ]
    },
    {
      "mode": "data",
      "type": "openstack_networking_secgroup_v2",
      "name": "paasta-cp-secgroup",
      "provider": "provider[\"registry.terraform.io/terraform-provider-openstack/openstack\"]",
      "instances": [
        {
          "schema_version": 0,
          "attributes": {
            "all_tags": [],
            "description": "PaaS-TA Container Platform Sec Group",
            "id": "f950f283-b701-4777-b2d8-ea3bc8638426",
            "name": "paasta-cp-secgroup",
            "region": "RegionOne",
            "secgroup_id": null,
            "tags": null,
            "tenant_id": "dfcca63a5e9f4d12b51344335a103403"
          },
          "sensitive_attributes": []
        }
      ]
    },
    {
      "mode": "data",
      "type": "openstack_networking_subnet_v2",
      "name": "paasta-cp-subnet",
      "provider": "provider[\"registry.terraform.io/terraform-provider-openstack/openstack\"]",
      "instances": [
        {
          "schema_version": 0,
          "attributes": {
            "all_tags": [],
            "allocation_pools": [
              {
                "end": "10.100.8.254",
                "start": "10.100.8.2"
              }
            ],
            "cidr": "10.100.8.0/24",
            "description": "",
            "dhcp_disabled": null,
            "dhcp_enabled": null,
            "dns_nameservers": [
              "8.8.8.8"
            ],
            "enable_dhcp": true,
            "gateway_ip": "10.100.8.1",
            "host_routes": [],
            "id": "fa8d7856-f09e-4d1c-82cc-9d2d43f161c5",
            "ip_version": 4,
            "ipv6_address_mode": "",
            "ipv6_ra_mode": "",
            "name": "paasta-cp-subnet",
            "network_id": "5d2975c5-73e8-4b09-a1fa-42dec5a217a2",
            "region": "RegionOne",
            "subnet_id": null,
            "subnetpool_id": "",
            "tags": null,
            "tenant_id": "dfcca63a5e9f4d12b51344335a103403"
          },
          "sensitive_attributes": []
        }
      ]
    },
    {
      "mode": "managed",
      "type": "openstack_compute_floatingip_associate_v2",
      "name": "fip_1",
      "provider": "provider[\"registry.terraform.io/terraform-provider-openstack/openstack\"]",
      "instances": [
        {
          "schema_version": 0,
          "attributes": {
            "fixed_ip": "",
            "floating_ip": "203.255.255.115",
            "id": "203.255.255.115/12561528-a68c-435f-ab8e-deffb350e238/",
            "instance_id": "12561528-a68c-435f-ab8e-deffb350e238",
            "region": "RegionOne",
            "timeouts": null,
            "wait_until_associated": true
          },
          "sensitive_attributes": [],
          "private": "eyJlMmJmYjczMC1lY2FhLTExZTYtOGY4OC0zNDM2M2JjN2M0YzAiOnsiY3JlYXRlIjo2MDAwMDAwMDAwMDB9fQ==",
          "dependencies": [
            "data.openstack_compute_keypair_v2.paasta-cp-keypair",
            "data.openstack_images_image_v2.ubuntu",
            "data.openstack_networking_floatingip_v2.paasta-cp-floatingip-master",
            "data.openstack_networking_network_v2.paasta-cp-network",
            "data.openstack_networking_secgroup_v2.paasta-cp-secgroup",
            "openstack_compute_instance_v2.paasta-terraform-master-node"
          ]
        }
      ]
    },
    {
      "mode": "managed",
      "type": "openstack_compute_floatingip_associate_v2",
      "name": "fip_2",
      "provider": "provider[\"registry.terraform.io/terraform-provider-openstack/openstack\"]",
      "instances": [
        {
          "schema_version": 0,
          "attributes": {
            "fixed_ip": "",
            "floating_ip": "203.255.255.118",
            "id": "203.255.255.118/0dd0f2da-4eb3-41af-bb92-97da81c72b2b/",
            "instance_id": "0dd0f2da-4eb3-41af-bb92-97da81c72b2b",
            "region": "RegionOne",
            "timeouts": null,
            "wait_until_associated": true
          },
          "sensitive_attributes": [],
          "private": "eyJlMmJmYjczMC1lY2FhLTExZTYtOGY4OC0zNDM2M2JjN2M0YzAiOnsiY3JlYXRlIjo2MDAwMDAwMDAwMDB9fQ==",
          "dependencies": [
            "data.openstack_compute_keypair_v2.paasta-cp-keypair",
            "data.openstack_images_image_v2.ubuntu",
            "data.openstack_networking_floatingip_v2.paasta-cp-floatingip-worker",
            "data.openstack_networking_network_v2.paasta-cp-network",
            "data.openstack_networking_secgroup_v2.paasta-cp-secgroup",
            "openstack_compute_instance_v2.paasta-terraform-worker-node"
          ]
        }
      ]
    },
    {
      "mode": "managed",
      "type": "openstack_compute_instance_v2",
      "name": "paasta-terraform-master-node",
      "provider": "provider[\"registry.terraform.io/terraform-provider-openstack/openstack\"]",
      "instances": [
        {
          "schema_version": 0,
          "attributes": {
            "access_ip_v4": "10.100.8.230",
            "access_ip_v6": "",
            "admin_pass": null,
            "all_metadata": {},
            "all_tags": [],
            "availability_zone": "octavia",
            "availability_zone_hints": null,
            "block_device": [
              {
                "boot_index": 0,
                "delete_on_termination": true,
                "destination_type": "volume",
                "device_type": "",
                "disk_bus": "",
                "guest_format": "",
                "source_type": "image",
                "uuid": "471036e7-b43d-413d-8c1a-e3a7f3fc5442",
                "volume_size": 80,
                "volume_type": ""
              }
            ],
            "config_drive": null,
            "flavor_id": "m1.large",
            "flavor_name": "m1.large",
            "floating_ip": null,
            "force_delete": false,
            "id": "12561528-a68c-435f-ab8e-deffb350e238",
            "image_id": "Attempt to boot from volume - no image supplied",
            "image_name": null,
            "key_pair": "passta-cp-terraform-keypair",
            "metadata": null,
            "name": "paasta-terraform-master-node",
            "network": [
              {
                "access_network": false,
                "fixed_ip_v4": "10.100.8.230",
                "fixed_ip_v6": "",
                "floating_ip": "",
                "mac": "fa:16:3e:ea:4d:9d",
                "name": "paasta-cp-network",
                "port": "",
                "uuid": "5d2975c5-73e8-4b09-a1fa-42dec5a217a2"
              }
            ],
            "network_mode": null,
            "personality": [],
            "power_state": "active",
            "region": "RegionOne",
            "scheduler_hints": [],
            "security_groups": [
              "f950f283-b701-4777-b2d8-ea3bc8638426"
            ],
            "stop_before_destroy": false,
            "tags": null,
            "timeouts": null,
            "user_data": null,
            "vendor_options": [],
            "volume": []
          },
          "sensitive_attributes": [],
          "private": "eyJlMmJmYjczMC1lY2FhLTExZTYtOGY4OC0zNDM2M2JjN2M0YzAiOnsiY3JlYXRlIjoxODAwMDAwMDAwMDAwLCJkZWxldGUiOjE4MDAwMDAwMDAwMDAsInVwZGF0ZSI6MTgwMDAwMDAwMDAwMH19",
          "dependencies": [
            "data.openstack_compute_keypair_v2.paasta-cp-keypair",
            "data.openstack_images_image_v2.ubuntu",
            "data.openstack_networking_network_v2.paasta-cp-network",
            "data.openstack_networking_secgroup_v2.paasta-cp-secgroup"
          ]
        }
      ]
    },
    {
      "mode": "managed",
      "type": "openstack_compute_instance_v2",
      "name": "paasta-terraform-worker-node",
      "provider": "provider[\"registry.terraform.io/terraform-provider-openstack/openstack\"]",
      "instances": [
        {
          "schema_version": 0,
          "attributes": {
            "access_ip_v4": "10.100.8.123",
            "access_ip_v6": "",
            "admin_pass": null,
            "all_metadata": {},
            "all_tags": [],
            "availability_zone": "octavia",
            "availability_zone_hints": null,
            "block_device": [
              {
                "boot_index": 0,
                "delete_on_termination": true,
                "destination_type": "volume",
                "device_type": "",
                "disk_bus": "",
                "guest_format": "",
                "source_type": "image",
                "uuid": "471036e7-b43d-413d-8c1a-e3a7f3fc5442",
                "volume_size": 80,
                "volume_type": ""
              }
            ],
            "config_drive": null,
            "flavor_id": "m1.large",
            "flavor_name": "m1.large",
            "floating_ip": null,
            "force_delete": false,
            "id": "0dd0f2da-4eb3-41af-bb92-97da81c72b2b",
            "image_id": "Attempt to boot from volume - no image supplied",
            "image_name": null,
            "key_pair": "passta-cp-terraform-keypair",
            "metadata": null,
            "name": "paasta-terraform-worker-node",
            "network": [
              {
                "access_network": false,
                "fixed_ip_v4": "10.100.8.123",
                "fixed_ip_v6": "",
                "floating_ip": "",
                "mac": "fa:16:3e:65:b3:82",
                "name": "paasta-cp-network",
                "port": "",
                "uuid": "5d2975c5-73e8-4b09-a1fa-42dec5a217a2"
              }
            ],
            "network_mode": null,
            "personality": [],
            "power_state": "active",
            "region": "RegionOne",
            "scheduler_hints": [],
            "security_groups": [
              "f950f283-b701-4777-b2d8-ea3bc8638426"
            ],
            "stop_before_destroy": false,
            "tags": null,
            "timeouts": null,
            "user_data": null,
            "vendor_options": [],
            "volume": []
          },
          "sensitive_attributes": [],
          "private": "eyJlMmJmYjczMC1lY2FhLTExZTYtOGY4OC0zNDM2M2JjN2M0YzAiOnsiY3JlYXRlIjoxODAwMDAwMDAwMDAwLCJkZWxldGUiOjE4MDAwMDAwMDAwMDAsInVwZGF0ZSI6MTgwMDAwMDAwMDAwMH19",
          "dependencies": [
            "data.openstack_compute_keypair_v2.paasta-cp-keypair",
            "data.openstack_images_image_v2.ubuntu",
            "data.openstack_networking_network_v2.paasta-cp-network",
            "data.openstack_networking_secgroup_v2.paasta-cp-secgroup"
          ]
        }
      ]
    }
  ]
}
